// !$*UTF8*$!
{
	archiveVersion = 1;
	classes = {
	};
	objectVersion = 56;
	objects = {

/* Begin PBXBuildFile section */
		97FEF13B2BDE6D4200727E54 /* GramCrackerApp.swift in Sources */ = {isa = PBXBuildFile; fileRef = 97FEF13A2BDE6D4200727E54 /* GramCrackerApp.swift */; };
		97FEF13D2BDE6D4200727E54 /* ContentView.swift in Sources */ = {isa = PBXBuildFile; fileRef = 97FEF13C2BDE6D4200727E54 /* ContentView.swift */; };
		97FEF13F2BDE6D4200727E54 /* Item.swift in Sources */ = {isa = PBXBuildFile; fileRef = 97FEF13E2BDE6D4200727E54 /* Item.swift */; };
		97FEF1412BDE6D4400727E54 /* Assets.xcassets in Resources */ = {isa = PBXBuildFile; fileRef = 97FEF1402BDE6D4400727E54 /* Assets.xcassets */; };
		97FEF1442BDE6D4400727E54 /* Preview Assets.xcassets in Resources */ = {isa = PBXBuildFile; fileRef = 97FEF1432BDE6D4400727E54 /* Preview Assets.xcassets */; };
		97FEF14E2BDE6D4400727E54 /* GramCrackerTests.swift in Sources */ = {isa = PBXBuildFile; fileRef = 97FEF14D2BDE6D4400727E54 /* GramCrackerTests.swift */; };
		97FEF1582BDE6D4400727E54 /* GramCrackerUITests.swift in Sources */ = {isa = PBXBuildFile; fileRef = 97FEF1572BDE6D4400727E54 /* GramCrackerUITests.swift */; };
		97FEF15A2BDE6D4400727E54 /* GramCrackerUITestsLaunchTests.swift in Sources */ = {isa = PBXBuildFile; fileRef = 97FEF1592BDE6D4400727E54 /* GramCrackerUITestsLaunchTests.swift */; };
/* End PBXBuildFile section */

/* Begin PBXContainerItemProxy section */
		97FEF14A2BDE6D4400727E54 /* PBXContainerItemProxy */ = {
			isa = PBXContainerItemProxy;
			containerPortal = 97FEF12F2BDE6D4200727E54 /* Project object */;
			proxyType = 1;
			remoteGlobalIDString = 97FEF1362BDE6D4200727E54;
			remoteInfo = GramCracker;
		};
		97FEF1542BDE6D4400727E54 /* PBXContainerItemProxy */ = {
			isa = PBXContainerItemProxy;
			containerPortal = 97FEF12F2BDE6D4200727E54 /* Project object */;
			proxyType = 1;
			remoteGlobalIDString = 97FEF1362BDE6D4200727E54;
			remoteInfo = GramCracker;
		};
/* End PBXContainerItemProxy section */

/* Begin PBXFileReference section */
		97FEF1372BDE6D4200727E54 /* GramCracker.app */ = {isa = PBXFileReference; explicitFileType = wrapper.application; includeInIndex = 0; path = GramCracker.app; sourceTree = BUILT_PRODUCTS_DIR; };
		97FEF13A2BDE6D4200727E54 /* GramCrackerApp.swift */ = {isa = PBXFileReference; lastKnownFileType = sourcecode.swift; path = GramCrackerApp.swift; sourceTree = "<group>"; };
		97FEF13C2BDE6D4200727E54 /* ContentView.swift */ = {isa = PBXFileReference; lastKnownFileType = sourcecode.swift; path = ContentView.swift; sourceTree = "<group>"; };
		97FEF13E2BDE6D4200727E54 /* Item.swift */ = {isa = PBXFileReference; lastKnownFileType = sourcecode.swift; path = Item.swift; sourceTree = "<group>"; };
		97FEF1402BDE6D4400727E54 /* Assets.xcassets */ = {isa = PBXFileReference; lastKnownFileType = folder.assetcatalog; path = Assets.xcassets; sourceTree = "<group>"; };
		97FEF1432BDE6D4400727E54 /* Preview Assets.xcassets */ = {isa = PBXFileReference; lastKnownFileType = folder.assetcatalog; path = "Preview Assets.xcassets"; sourceTree = "<group>"; };
		97FEF1492BDE6D4400727E54 /* GramCrackerTests.xctest */ = {isa = PBXFileReference; explicitFileType = wrapper.cfbundle; includeInIndex = 0; path = GramCrackerTests.xctest; sourceTree = BUILT_PRODUCTS_DIR; };
		97FEF14D2BDE6D4400727E54 /* GramCrackerTests.swift */ = {isa = PBXFileReference; lastKnownFileType = sourcecode.swift; path = GramCrackerTests.swift; sourceTree = "<group>"; };
		97FEF1532BDE6D4400727E54 /* GramCrackerUITests.xctest */ = {isa = PBXFileReference; explicitFileType = wrapper.cfbundle; includeInIndex = 0; path = GramCrackerUITests.xctest; sourceTree = BUILT_PRODUCTS_DIR; };
		97FEF1572BDE6D4400727E54 /* GramCrackerUITests.swift */ = {isa = PBXFileReference; lastKnownFileType = sourcecode.swift; path = GramCrackerUITests.swift; sourceTree = "<group>"; };
		97FEF1592BDE6D4400727E54 /* GramCrackerUITestsLaunchTests.swift */ = {isa = PBXFileReference; lastKnownFileType = sourcecode.swift; path = GramCrackerUITestsLaunchTests.swift; sourceTree = "<group>"; };
/* End PBXFileReference section */

/* Begin PBXFrameworksBuildPhase section */
		97FEF1342BDE6D4200727E54 /* Frameworks */ = {
			isa = PBXFrameworksBuildPhase;
			buildActionMask = 2147483647;
			files = (
			);
			runOnlyForDeploymentPostprocessing = 0;
		};
		97FEF1462BDE6D4400727E54 /* Frameworks */ = {
			isa = PBXFrameworksBuildPhase;
			buildActionMask = 2147483647;
			files = (
			);
			runOnlyForDeploymentPostprocessing = 0;
		};
		97FEF1502BDE6D4400727E54 /* Frameworks */ = {
			isa = PBXFrameworksBuildPhase;
			buildActionMask = 2147483647;
			files = (
			);
			runOnlyForDeploymentPostprocessing = 0;
		};
/* End PBXFrameworksBuildPhase section */

/* Begin PBXGroup section */
		97FEF12E2BDE6D4200727E54 = {
			isa = PBXGroup;
			children = (
				97FEF1392BDE6D4200727E54 /* GramCracker */,
				97FEF14C2BDE6D4400727E54 /* GramCrackerTests */,
				97FEF1562BDE6D4400727E54 /* GramCrackerUITests */,
				97FEF1382BDE6D4200727E54 /* Products */,
			);
			sourceTree = "<group>";
		};
		97FEF1382BDE6D4200727E54 /* Products */ = {
			isa = PBXGroup;
			children = (
				97FEF1372BDE6D4200727E54 /* GramCracker.app */,
				97FEF1492BDE6D4400727E54 /* GramCrackerTests.xctest */,
				97FEF1532BDE6D4400727E54 /* GramCrackerUITests.xctest */,
			);
			name = Products;
			sourceTree = "<group>";
		};
		97FEF1392BDE6D4200727E54 /* GramCracker */ = {
			isa = PBXGroup;
			children = (
				97FEF13A2BDE6D4200727E54 /* GramCrackerApp.swift */,
				97FEF13C2BDE6D4200727E54 /* ContentView.swift */,
				97FEF13E2BDE6D4200727E54 /* Item.swift */,
				97FEF1402BDE6D4400727E54 /* Assets.xcassets */,
				97FEF1422BDE6D4400727E54 /* Preview Content */,
			);
			path = GramCracker;
			sourceTree = "<group>";
		};
		97FEF1422BDE6D4400727E54 /* Preview Content */ = {
			isa = PBXGroup;
			children = (
				97FEF1432BDE6D4400727E54 /* Preview Assets.xcassets */,
			);
			path = "Preview Content";
			sourceTree = "<group>";
		};
		97FEF14C2BDE6D4400727E54 /* GramCrackerTests */ = {
			isa = PBXGroup;
			children = (
				97FEF14D2BDE6D4400727E54 /* GramCrackerTests.swift */,
			);
			path = GramCrackerTests;
			sourceTree = "<group>";
		};
		97FEF1562BDE6D4400727E54 /* GramCrackerUITests */ = {
			isa = PBXGroup;
			children = (
				97FEF1572BDE6D4400727E54 /* GramCrackerUITests.swift */,
				97FEF1592BDE6D4400727E54 /* GramCrackerUITestsLaunchTests.swift */,
			);
			path = GramCrackerUITests;
			sourceTree = "<group>";
		};
/* End PBXGroup section */

/* Begin PBXNativeTarget section */
		97FEF1362BDE6D4200727E54 /* GramCracker */ = {
			isa = PBXNativeTarget;
			buildConfigurationList = 97FEF15D2BDE6D4400727E54 /* Build configuration list for PBXNativeTarget "GramCracker" */;
			buildPhases = (
				97FEF1332BDE6D4200727E54 /* Sources */,
				97FEF1342BDE6D4200727E54 /* Frameworks */,
				97FEF1352BDE6D4200727E54 /* Resources */,
			);
			buildRules = (
			);
			dependencies = (
			);
			name = GramCracker;
			productName = GramCracker;
			productReference = 97FEF1372BDE6D4200727E54 /* GramCracker.app */;
			productType = "com.apple.product-type.application";
		};
		97FEF1482BDE6D4400727E54 /* GramCrackerTests */ = {
			isa = PBXNativeTarget;
			buildConfigurationList = 97FEF1602BDE6D4400727E54 /* Build configuration list for PBXNativeTarget "GramCrackerTests" */;
			buildPhases = (
				97FEF1452BDE6D4400727E54 /* Sources */,
				97FEF1462BDE6D4400727E54 /* Frameworks */,
				97FEF1472BDE6D4400727E54 /* Resources */,
			);
			buildRules = (
			);
			dependencies = (
				97FEF14B2BDE6D4400727E54 /* PBXTargetDependency */,
			);
			name = GramCrackerTests;
			productName = GramCrackerTests;
			productReference = 97FEF1492BDE6D4400727E54 /* GramCrackerTests.xctest */;
			productType = "com.apple.product-type.bundle.unit-test";
		};
		97FEF1522BDE6D4400727E54 /* GramCrackerUITests */ = {
			isa = PBXNativeTarget;
			buildConfigurationList = 97FEF1632BDE6D4400727E54 /* Build configuration list for PBXNativeTarget "GramCrackerUITests" */;
			buildPhases = (
				97FEF14F2BDE6D4400727E54 /* Sources */,
				97FEF1502BDE6D4400727E54 /* Frameworks */,
				97FEF1512BDE6D4400727E54 /* Resources */,
			);
			buildRules = (
			);
			dependencies = (
				97FEF1552BDE6D4400727E54 /* PBXTargetDependency */,
			);
			name = GramCrackerUITests;
			productName = GramCrackerUITests;
			productReference = 97FEF1532BDE6D4400727E54 /* GramCrackerUITests.xctest */;
			productType = "com.apple.product-type.bundle.ui-testing";
		};
/* End PBXNativeTarget section */

/* Begin PBXProject section */
		97FEF12F2BDE6D4200727E54 /* Project object */ = {
			isa = PBXProject;
			attributes = {
				BuildIndependentTargetsInParallel = 1;
				LastSwiftUpdateCheck = 1530;
				LastUpgradeCheck = 1530;
				TargetAttributes = {
					97FEF1362BDE6D4200727E54 = {
						CreatedOnToolsVersion = 15.3;
					};
					97FEF1482BDE6D4400727E54 = {
						CreatedOnToolsVersion = 15.3;
						TestTargetID = 97FEF1362BDE6D4200727E54;
					};
					97FEF1522BDE6D4400727E54 = {
						CreatedOnToolsVersion = 15.3;
						TestTargetID = 97FEF1362BDE6D4200727E54;
					};
				};
			};
			buildConfigurationList = 97FEF1322BDE6D4200727E54 /* Build configuration list for PBXProject "GramCracker" */;
			compatibilityVersion = "Xcode 14.0";
			developmentRegion = en;
			hasScannedForEncodings = 0;
			knownRegions = (
				en,
				Base,
			);
			mainGroup = 97FEF12E2BDE6D4200727E54;
			productRefGroup = 97FEF1382BDE6D4200727E54 /* Products */;
			projectDirPath = "";
			projectRoot = "";
			targets = (
				97FEF1362BDE6D4200727E54 /* GramCracker */,
				97FEF1482BDE6D4400727E54 /* GramCrackerTests */,
				97FEF1522BDE6D4400727E54 /* GramCrackerUITests */,
			);
		};
/* End PBXProject section */

/* Begin PBXResourcesBuildPhase section */
		97FEF1352BDE6D4200727E54 /* Resources */ = {
			isa = PBXResourcesBuildPhase;
			buildActionMask = 2147483647;
			files = (
				97FEF1442BDE6D4400727E54 /* Preview Assets.xcassets in Resources */,
				97FEF1412BDE6D4400727E54 /* Assets.xcassets in Resources */,
			);
			runOnlyForDeploymentPostprocessing = 0;
		};
		97FEF1472BDE6D4400727E54 /* Resources */ = {
			isa = PBXResourcesBuildPhase;
			buildActionMask = 2147483647;
			files = (
			);
			runOnlyForDeploymentPostprocessing = 0;
		};
		97FEF1512BDE6D4400727E54 /* Resources */ = {
			isa = PBXResourcesBuildPhase;
			buildActionMask = 2147483647;
			files = (
			);
			runOnlyForDeploymentPostprocessing = 0;
		};
/* End PBXResourcesBuildPhase section */

/* Begin PBXSourcesBuildPhase section */
		97FEF1332BDE6D4200727E54 /* Sources */ = {
			isa = PBXSourcesBuildPhase;
			buildActionMask = 2147483647;
			files = (
				97FEF13D2BDE6D4200727E54 /* ContentView.swift in Sources */,
				97FEF13F2BDE6D4200727E54 /* Item.swift in Sources */,
				97FEF13B2BDE6D4200727E54 /* GramCrackerApp.swift in Sources */,
			);
			runOnlyForDeploymentPostprocessing = 0;
		};
		97FEF1452BDE6D4400727E54 /* Sources */ = {
			isa = PBXSourcesBuildPhase;
			buildActionMask = 2147483647;
			files = (
				97FEF14E2BDE6D4400727E54 /* GramCrackerTests.swift in Sources */,
			);
			runOnlyForDeploymentPostprocessing = 0;
		};
		97FEF14F2BDE6D4400727E54 /* Sources */ = {
			isa = PBXSourcesBuildPhase;
			buildActionMask = 2147483647;
			files = (
				97FEF1582BDE6D4400727E54 /* GramCrackerUITests.swift in Sources */,
				97FEF15A2BDE6D4400727E54 /* GramCrackerUITestsLaunchTests.swift in Sources */,
			);
			runOnlyForDeploymentPostprocessing = 0;
		};
/* End PBXSourcesBuildPhase section */

/* Begin PBXTargetDependency section */
		97FEF14B2BDE6D4400727E54 /* PBXTargetDependency */ = {
			isa = PBXTargetDependency;
			target = 97FEF1362BDE6D4200727E54 /* GramCracker */;
			targetProxy = 97FEF14A2BDE6D4400727E54 /* PBXContainerItemProxy */;
		};
		97FEF1552BDE6D4400727E54 /* PBXTargetDependency */ = {
			isa = PBXTargetDependency;
			target = 97FEF1362BDE6D4200727E54 /* GramCracker */;
			targetProxy = 97FEF1542BDE6D4400727E54 /* PBXContainerItemProxy */;
		};
/* End PBXTargetDependency section */

/* Begin XCBuildConfiguration section */
		97FEF15B2BDE6D4400727E54 /* Debug */ = {
			isa = XCBuildConfiguration;
			buildSettings = {
				ALWAYS_SEARCH_USER_PATHS = NO;
				ASSETCATALOG_COMPILER_GENERATE_SWIFT_ASSET_SYMBOL_EXTENSIONS = YES;
				CLANG_ANALYZER_NONNULL = YES;
				CLANG_ANALYZER_NUMBER_OBJECT_CONVERSION = YES_AGGRESSIVE;
				CLANG_CXX_LANGUAGE_STANDARD = "gnu++20";
				CLANG_ENABLE_MODULES = YES;
				CLANG_ENABLE_OBJC_ARC = YES;
				CLANG_ENABLE_OBJC_WEAK = YES;
				CLANG_WARN_BLOCK_CAPTURE_AUTORELEASING = YES;
				CLANG_WARN_BOOL_CONVERSION = YES;
				CLANG_WARN_COMMA = YES;
				CLANG_WARN_CONSTANT_CONVERSION = YES;
				CLANG_WARN_DEPRECATED_OBJC_IMPLEMENTATIONS = YES;
				CLANG_WARN_DIRECT_OBJC_ISA_USAGE = YES_ERROR;
				CLANG_WARN_DOCUMENTATION_COMMENTS = YES;
				CLANG_WARN_EMPTY_BODY = YES;
				CLANG_WARN_ENUM_CONVERSION = YES;
				CLANG_WARN_INFINITE_RECURSION = YES;
				CLANG_WARN_INT_CONVERSION = YES;
				CLANG_WARN_NON_LITERAL_NULL_CONVERSION = YES;
				CLANG_WARN_OBJC_IMPLICIT_RETAIN_SELF = YES;
				CLANG_WARN_OBJC_LITERAL_CONVERSION = YES;
				CLANG_WARN_OBJC_ROOT_CLASS = YES_ERROR;
				CLANG_WARN_QUOTED_INCLUDE_IN_FRAMEWORK_HEADER = YES;
				CLANG_WARN_RANGE_LOOP_ANALYSIS = YES;
				CLANG_WARN_STRICT_PROTOTYPES = YES;
				CLANG_WARN_SUSPICIOUS_MOVE = YES;
				CLANG_WARN_UNGUARDED_AVAILABILITY = YES_AGGRESSIVE;
				CLANG_WARN_UNREACHABLE_CODE = YES;
				CLANG_WARN__DUPLICATE_METHOD_MATCH = YES;
				COPY_PHASE_STRIP = NO;
				DEBUG_INFORMATION_FORMAT = dwarf;
				ENABLE_STRICT_OBJC_MSGSEND = YES;
				ENABLE_TESTABILITY = YES;
				ENABLE_USER_SCRIPT_SANDBOXING = YES;
				GCC_C_LANGUAGE_STANDARD = gnu17;
				GCC_DYNAMIC_NO_PIC = NO;
				GCC_NO_COMMON_BLOCKS = YES;
				GCC_OPTIMIZATION_LEVEL = 0;
				GCC_PREPROCESSOR_DEFINITIONS = (
					"DEBUG=1",
					"$(inherited)",
				);
				GCC_WARN_64_TO_32_BIT_CONVERSION = YES;
				GCC_WARN_ABOUT_RETURN_TYPE = YES_ERROR;
				GCC_WARN_UNDECLARED_SELECTOR = YES;
				GCC_WARN_UNINITIALIZED_AUTOS = YES_AGGRESSIVE;
				GCC_WARN_UNUSED_FUNCTION = YES;
				GCC_WARN_UNUSED_VARIABLE = YES;
				IPHONEOS_DEPLOYMENT_TARGET = 17.4;
				LOCALIZATION_PREFERS_STRING_CATALOGS = YES;
				MTL_ENABLE_DEBUG_INFO = INCLUDE_SOURCE;
				MTL_FAST_MATH = YES;
				ONLY_ACTIVE_ARCH = YES;
				SDKROOT = iphoneos;
				SWIFT_ACTIVE_COMPILATION_CONDITIONS = "DEBUG $(inherited)";
				SWIFT_OPTIMIZATION_LEVEL = "-Onone";
			};
			name = Debug;
		};
		97FEF15C2BDE6D4400727E54 /* Release */ = {
			isa = XCBuildConfiguration;
			buildSettings = {
				ALWAYS_SEARCH_USER_PATHS = NO;
				ASSETCATALOG_COMPILER_GENERATE_SWIFT_ASSET_SYMBOL_EXTENSIONS = YES;
				CLANG_ANALYZER_NONNULL = YES;
				CLANG_ANALYZER_NUMBER_OBJECT_CONVERSION = YES_AGGRESSIVE;
				CLANG_CXX_LANGUAGE_STANDARD = "gnu++20";
				CLANG_ENABLE_MODULES = YES;
				CLANG_ENABLE_OBJC_ARC = YES;
				CLANG_ENABLE_OBJC_WEAK = YES;
				CLANG_WARN_BLOCK_CAPTURE_AUTORELEASING = YES;
				CLANG_WARN_BOOL_CONVERSION = YES;
				CLANG_WARN_COMMA = YES;
				CLANG_WARN_CONSTANT_CONVERSION = YES;
				CLANG_WARN_DEPRECATED_OBJC_IMPLEMENTATIONS = YES;
				CLANG_WARN_DIRECT_OBJC_ISA_USAGE = YES_ERROR;
				CLANG_WARN_DOCUMENTATION_COMMENTS = YES;
				CLANG_WARN_EMPTY_BODY = YES;
				CLANG_WARN_ENUM_CONVERSION = YES;
				CLANG_WARN_INFINITE_RECURSION = YES;
				CLANG_WARN_INT_CONVERSION = YES;
				CLANG_WARN_NON_LITERAL_NULL_CONVERSION = YES;
				CLANG_WARN_OBJC_IMPLICIT_RETAIN_SELF = YES;
				CLANG_WARN_OBJC_LITERAL_CONVERSION = YES;
				CLANG_WARN_OBJC_ROOT_CLASS = YES_ERROR;
				CLANG_WARN_QUOTED_INCLUDE_IN_FRAMEWORK_HEADER = YES;
				CLANG_WARN_RANGE_LOOP_ANALYSIS = YES;
				CLANG_WARN_STRICT_PROTOTYPES = YES;
				CLANG_WARN_SUSPICIOUS_MOVE = YES;
				CLANG_WARN_UNGUARDED_AVAILABILITY = YES_AGGRESSIVE;
				CLANG_WARN_UNREACHABLE_CODE = YES;
				CLANG_WARN__DUPLICATE_METHOD_MATCH = YES;
				COPY_PHASE_STRIP = NO;
				DEBUG_INFORMATION_FORMAT = "dwarf-with-dsym";
				ENABLE_NS_ASSERTIONS = NO;
				ENABLE_STRICT_OBJC_MSGSEND = YES;
				ENABLE_USER_SCRIPT_SANDBOXING = YES;
				GCC_C_LANGUAGE_STANDARD = gnu17;
				GCC_NO_COMMON_BLOCKS = YES;
				GCC_WARN_64_TO_32_BIT_CONVERSION = YES;
				GCC_WARN_ABOUT_RETURN_TYPE = YES_ERROR;
				GCC_WARN_UNDECLARED_SELECTOR = YES;
				GCC_WARN_UNINITIALIZED_AUTOS = YES_AGGRESSIVE;
				GCC_WARN_UNUSED_FUNCTION = YES;
				GCC_WARN_UNUSED_VARIABLE = YES;
				IPHONEOS_DEPLOYMENT_TARGET = 17.4;
				LOCALIZATION_PREFERS_STRING_CATALOGS = YES;
				MTL_ENABLE_DEBUG_INFO = NO;
				MTL_FAST_MATH = YES;
				SDKROOT = iphoneos;
				SWIFT_COMPILATION_MODE = wholemodule;
				VALIDATE_PRODUCT = YES;
			};
			name = Release;
		};
		97FEF15E2BDE6D4400727E54 /* Debug */ = {
			isa = XCBuildConfiguration;
			buildSettings = {
				ASSETCATALOG_COMPILER_APPICON_NAME = AppIcon;
				ASSETCATALOG_COMPILER_GLOBAL_ACCENT_COLOR_NAME = AccentColor;
				CODE_SIGN_STYLE = Automatic;
				CURRENT_PROJECT_VERSION = 1;
				DEVELOPMENT_ASSET_PATHS = "\"GramCracker/Preview Content\"";
				ENABLE_PREVIEWS = YES;
				GENERATE_INFOPLIST_FILE = YES;
				INFOPLIST_KEY_UIApplicationSceneManifest_Generation = YES;
				INFOPLIST_KEY_UIApplicationSupportsIndirectInputEvents = YES;
				INFOPLIST_KEY_UILaunchScreen_Generation = YES;
				INFOPLIST_KEY_UISupportedInterfaceOrientations_iPad = "UIInterfaceOrientationPortrait UIInterfaceOrientationPortraitUpsideDown UIInterfaceOrientationLandscapeLeft UIInterfaceOrientationLandscapeRight";
				INFOPLIST_KEY_UISupportedInterfaceOrientations_iPhone = "UIInterfaceOrientationPortrait UIInterfaceOrientationLandscapeLeft UIInterfaceOrientationLandscapeRight";
				LD_RUNPATH_SEARCH_PATHS = (
					"$(inherited)",
					"@executable_path/Frameworks",
				);
				MARKETING_VERSION = 1.0;
				PRODUCT_BUNDLE_IDENTIFIER = com.gramcracker.GramCracker;
				PRODUCT_NAME = "$(TARGET_NAME)";
				SWIFT_EMIT_LOC_STRINGS = YES;
				SWIFT_VERSION = 5.0;
				TARGETED_DEVICE_FAMILY = "1,2";
			};
			name = Debug;
		};
		97FEF15F2BDE6D4400727E54 /* Release */ = {
			isa = XCBuildConfiguration;
			buildSettings = {
				ASSETCATALOG_COMPILER_APPICON_NAME = AppIcon;
				ASSETCATALOG_COMPILER_GLOBAL_ACCENT_COLOR_NAME = AccentColor;
				CODE_SIGN_STYLE = Automatic;
				CURRENT_PROJECT_VERSION = 1;
				DEVELOPMENT_ASSET_PATHS = "\"GramCracker/Preview Content\"";
				ENABLE_PREVIEWS = YES;
				GENERATE_INFOPLIST_FILE = YES;
				INFOPLIST_KEY_UIApplicationSceneManifest_Generation = YES;
				INFOPLIST_KEY_UIApplicationSupportsIndirectInputEvents = YES;
				INFOPLIST_KEY_UILaunchScreen_Generation = YES;
				INFOPLIST_KEY_UISupportedInterfaceOrientations_iPad = "UIInterfaceOrientationPortrait UIInterfaceOrientationPortraitUpsideDown UIInterfaceOrientationLandscapeLeft UIInterfaceOrientationLandscapeRight";
				INFOPLIST_KEY_UISupportedInterfaceOrientations_iPhone = "UIInterfaceOrientationPortrait UIInterfaceOrientationLandscapeLeft UIInterfaceOrientationLandscapeRight";
				LD_RUNPATH_SEARCH_PATHS = (
					"$(inherited)",
					"@executable_path/Frameworks",
				);
				MARKETING_VERSION = 1.0;
				PRODUCT_BUNDLE_IDENTIFIER = com.gramcracker.GramCracker;
				PRODUCT_NAME = "$(TARGET_NAME)";
				SWIFT_EMIT_LOC_STRINGS = YES;
				SWIFT_VERSION = 5.0;
				TARGETED_DEVICE_FAMILY = "1,2";
			};
			name = Release;
		};
		97FEF1612BDE6D4400727E54 /* Debug */ = {
			isa = XCBuildConfiguration;
			buildSettings = {
				ALWAYS_EMBED_SWIFT_STANDARD_LIBRARIES = YES;
				BUNDLE_LOADER = "$(TEST_HOST)";
				CODE_SIGN_STYLE = Automatic;
				CURRENT_PROJECT_VERSION = 1;
				GENERATE_INFOPLIST_FILE = YES;
				IPHONEOS_DEPLOYMENT_TARGET = 17.4;
				MARKETING_VERSION = 1.0;
				PRODUCT_BUNDLE_IDENTIFIER = com.gramcracker.GramCrackerTests;
				PRODUCT_NAME = "$(TARGET_NAME)";
				SWIFT_EMIT_LOC_STRINGS = NO;
				SWIFT_VERSION = 5.0;
				TARGETED_DEVICE_FAMILY = "1,2";
				TEST_HOST = "$(BUILT_PRODUCTS_DIR)/GramCracker.app/$(BUNDLE_EXECUTABLE_FOLDER_PATH)/GramCracker";
			};
			name = Debug;
		};
		97FEF1622BDE6D4400727E54 /* Release */ = {
			isa = XCBuildConfiguration;
			buildSettings = {
				ALWAYS_EMBED_SWIFT_STANDARD_LIBRARIES = YES;
				BUNDLE_LOADER = "$(TEST_HOST)";
				CODE_SIGN_STYLE = Automatic;
				CURRENT_PROJECT_VERSION = 1;
				GENERATE_INFOPLIST_FILE = YES;
				IPHONEOS_DEPLOYMENT_TARGET = 17.4;
				MARKETING_VERSION = 1.0;
				PRODUCT_BUNDLE_IDENTIFIER = com.gramcracker.GramCrackerTests;
				PRODUCT_NAME = "$(TARGET_NAME)";
				SWIFT_EMIT_LOC_STRINGS = NO;
				SWIFT_VERSION = 5.0;
				TARGETED_DEVICE_FAMILY = "1,2";
				TEST_HOST = "$(BUILT_PRODUCTS_DIR)/GramCracker.app/$(BUNDLE_EXECUTABLE_FOLDER_PATH)/GramCracker";
			};
			name = Release;
		};
		97FEF1642BDE6D4400727E54 /* Debug */ = {
			isa = XCBuildConfiguration;
			buildSettings = {
				ALWAYS_EMBED_SWIFT_STANDARD_LIBRARIES = YES;
				CODE_SIGN_STYLE = Automatic;
				CURRENT_PROJECT_VERSION = 1;
				GENERATE_INFOPLIST_FILE = YES;
				MARKETING_VERSION = 1.0;
				PRODUCT_BUNDLE_IDENTIFIER = com.gramcracker.GramCrackerUITests;
				PRODUCT_NAME = "$(TARGET_NAME)";
				SWIFT_EMIT_LOC_STRINGS = NO;
				SWIFT_VERSION = 5.0;
				TARGETED_DEVICE_FAMILY = "1,2";
				TEST_TARGET_NAME = GramCracker;
			};
			name = Debug;
		};
		97FEF1652BDE6D4400727E54 /* Release */ = {
			isa = XCBuildConfiguration;
			buildSettings = {
				ALWAYS_EMBED_SWIFT_STANDARD_LIBRARIES = YES;
				CODE_SIGN_STYLE = Automatic;
				CURRENT_PROJECT_VERSION = 1;
				GENERATE_INFOPLIST_FILE = YES;
				MARKETING_VERSION = 1.0;
				PRODUCT_BUNDLE_IDENTIFIER = com.gramcracker.GramCrackerUITests;
				PRODUCT_NAME = "$(TARGET_NAME)";
				SWIFT_EMIT_LOC_STRINGS = NO;
				SWIFT_VERSION = 5.0;
				TARGETED_DEVICE_FAMILY = "1,2";
				TEST_TARGET_NAME = GramCracker;
			};
			name = Release;
		};
/* End XCBuildConfiguration section */

/* Begin XCConfigurationList section */
		97FEF1322BDE6D4200727E54 /* Build configuration list for PBXProject "GramCracker" */ = {
			isa = XCConfigurationList;
			buildConfigurations = (
				97FEF15B2BDE6D4400727E54 /* Debug */,
				97FEF15C2BDE6D4400727E54 /* Release */,
			);
			defaultConfigurationIsVisible = 0;
			defaultConfigurationName = Release;
		};
		97FEF15D2BDE6D4400727E54 /* Build configuration list for PBXNativeTarget "GramCracker" */ = {
			isa = XCConfigurationList;
			buildConfigurations = (
				97FEF15E2BDE6D4400727E54 /* Debug */,
				97FEF15F2BDE6D4400727E54 /* Release */,
			);
			defaultConfigurationIsVisible = 0;
			defaultConfigurationName = Release;
		};
		97FEF1602BDE6D4400727E54 /* Build configuration list for PBXNativeTarget "GramCrackerTests" */ = {
			isa = XCConfigurationList;
			buildConfigurations = (
				97FEF1612BDE6D4400727E54 /* Debug */,
				97FEF1622BDE6D4400727E54 /* Release */,
			);
			defaultConfigurationIsVisible = 0;
			defaultConfigurationName = Release;
		};
		97FEF1632BDE6D4400727E54 /* Build configuration list for PBXNativeTarget "GramCrackerUITests" */ = {
			isa = XCConfigurationList;
			buildConfigurations = (
				97FEF1642BDE6D4400727E54 /* Debug */,
				97FEF1652BDE6D4400727E54 /* Release */,
			);
			defaultConfigurationIsVisible = 0;
			defaultConfigurationName = Release;
		};
/* End XCConfigurationList section */
	};
	rootObject = 97FEF12F2BDE6D4200727E54 /* Project object */;
}
